{
  "toolchain": "node-24.20.0-v8",
  "files": {
    "effects-fixtures/effect-circle-spawn.fixture.json": "d4fe5aee9af2ee5afd4932bbcbf4a3db6ddcbcb6fe2b094a957e537d0b35ebd5",
    "effects-fixtures/effect-coin-burst.fixture.json": "1e591548481a98cad545e7c38ae0e6817da239db3ea6e2e7127ea4d3a6c046a2",
    "effects-fixtures/effect-god-rays-sprite.fixture.json": "caa3c2942ac38fcabaaee56a867558f2750d833fdf08714bb82bda7947a767e0",
    "effects-fixtures/effect-ribbon-trail.fixture.json": "b5fb4fa6a8af97612269974a474394982cc2adcbe43a9dda6050b6356c51c11c",
    "effects-rigs/effect-circle-spawn.fx.json": "672531b70c9fa77307d6851a20f5095d696159866c99b2bff10574f3318428c7",
    "effects-rigs/effect-coin-burst.fx.json": "18d08635cff04c342138c5964589752eb939e62eca1eb4861aca074db94beb16",
    "effects-rigs/effect-god-rays-sprite.fx.json": "3a418a6c17a23810712f9abc8fdcf0d6af91c458866ac584b1ea00fa0c544e02",
    "effects-rigs/effect-ribbon-trail.fx.json": "826f5e8cd6e07383f8f62f0e5ffcdb1f31df42d6a51a9367cdb03a97864c4eae",
    "effects-sample-spec/effect-circle-spawn.sample-spec.json": "ae783196112b49776a03ae4af832b354a4f59194fdf8f1806d0ff6f4d8b45819",
    "effects-sample-spec/effect-coin-burst.sample-spec.json": "459244c38c5086b3584fb64d175c934de08ef9a9d5e0af1a830987dcbd6a427f",
    "effects-sample-spec/effect-god-rays-sprite.sample-spec.json": "7a8304dd961613838bdae6c28ee8f9247d59fba94233287d746eeb3dd11c70b9",
    "effects-sample-spec/effect-ribbon-trail.sample-spec.json": "a5bb866e0a48c55ec26962deee196c90ffde0e97850bea1c780ae7e22558f9f4"
  }
}
