{
  "toolchain": "node-24.20.0-v8",
  "files": {
    "anim-state-fixtures/anim-state-additive-layer.fixture.json": "a510309bef85dbfb4204bb0bee2f7040d7bd2051ab166eefddee1323c1e8ed65",
    "anim-state-fixtures/anim-state-crossfade-fractions.fixture.json": "007367d47c0e9a2796e4a33681b13c36805f10901988baca2d24fd490123f2c3",
    "anim-state-fixtures/anim-state-discrete-flip.fixture.json": "93e9841148a0c9c14838f16c195f82ebcce2644468521ae790ea8b8aab65972e",
    "anim-state-fixtures/anim-state-queue-loop-boundary.fixture.json": "0b2a033b7cb9a645e0b40ff8c1b098e5c20acf92183acf30d45dbdfcf2e6b47b",
    "anim-state-fixtures/anim-state-skin-scoped.fixture.json": "9af3edf09f872e2cd69fd01dc6f70e461c7f5fadd7b9362d7c687d5042f13fd6",
    "anim-state-rigs/anim-state-rig.json": "6c2631b51da36afd2ba686a2ce4d1e1f8c0f4b2cb672e16d80056393e19aefff",
    "anim-state-rigs/anim-state-skin-scoped-rig.json": "eea54fbe4882aac6c9af6dac617de9a4b3eb3c217d6cb9c42955a1c6a1874e94",
    "anim-state-scenarios/anim-state-additive-layer.scenario.json": "989e9f1397c8b25444e04932213cf8e44c9ae7e98abe09c9bc09cdef1f1fc163",
    "anim-state-scenarios/anim-state-crossfade-fractions.scenario.json": "5b643946fee4200c9f69211129af1720a69336e509215ebc76e597aec67a7b12",
    "anim-state-scenarios/anim-state-discrete-flip.scenario.json": "4b19dddedd6d12e997a794fd9b53033e4f77c64027e024d1a814f2e8ffc949f7",
    "anim-state-scenarios/anim-state-queue-loop-boundary.scenario.json": "a00d79aa0995caafc7dbcf0048e735216a69166558e800a9d0509da5d33578a2",
    "anim-state-scenarios/anim-state-skin-scoped.scenario.json": "a2b7d93be225b5b901ca066e4bf68b36af36bfacf2df506767e44d21f0ca70dc"
  }
}
