{
  "toolchain": "node-24.20.0-v8",
  "files": {
    "fixtures/rig-2bone.fixture.json": "9c0859e3b8ad25cde716e0915ef9525e143351f392197f545d1948c961c7c94c",
    "fixtures/rig-blendmodes.fixture.json": "d4b77c8d94526d97882fd8f5c3a77dd0af826ca207d8b140f532f01b5b125e0d",
    "fixtures/rig-clipping.fixture.json": "041130c90b16692ef2b70b87696c130e3b7b85221dad87bdc04ada5c5bce4bc4",
    "fixtures/rig-constraint-order.fixture.json": "64f6ce1d9f47ff6d76a3f94ef5f70ec3bfd94f641f16fb2ecd223c465d8a4085",
    "fixtures/rig-deform.fixture.json": "19102e1bf6d66f51f1312e8246a71995a9574f0af476d15aa117cc3f6f49f906",
    "fixtures/rig-events-draworder.fixture.json": "85f4392f3e932e137e25f3387fadbf7f7de024d1af6daf55cb0e2c6609767875",
    "fixtures/rig-events-loop.fixture.json": "38adbb172b08fbeabb138b0691dea7e42171b623ee70d4aad55c217c56cf5949",
    "fixtures/rig-hit-point.fixture.json": "ffb1e3e1accf08c823de3676321f4702b72983ba8f0087e5ab2885266761e9d4",
    "fixtures/rig-ik-depth.fixture.json": "427ced10fe82f5e0cd814ef270277e3a91fc03e63e5820b3a40a1082716b5b6e",
    "fixtures/rig-linked-mesh.fixture.json": "047164faa9b110e1e555f365f722bfc8cbaf4b8667803b33dca9da8c7e29b723",
    "fixtures/rig-one-bone-ik.fixture.json": "6a432ff9729d565436d672d00f6d6bf60cfb96ba70f3a52925ed2eed8ba95d8d",
    "fixtures/rig-path-follow.fixture.json": "baa506b47f91ddcd4f8a80ced710584bd5f3970fca9d46280cb031e7d1e10d43",
    "fixtures/rig-path-spacing.fixture.json": "63a325001c0159fb85f749589ca40d2eb280f56bd587758e4de29f9119504685",
    "fixtures/rig-physics-pendulum.fixture.json": "19e18fd0e00362a551a008ba1eda076e01ebe53b63601ddb308cfe98c727b4a5",
    "fixtures/rig-physics-swing.fixture.json": "05023881c3157fec52fff92b7c74c542db82ab914d8bb5b14a158c355bf55e34",
    "fixtures/rig-rigid-mesh.fixture.json": "4f3ff2f9fe854ac0835db23a287a2214ea0ee6c25c2f27f897b6946fd23ebf3c",
    "fixtures/rig-sequences.fixture.json": "d441620039da96c707b712110cf9d1da0163720990f94054fd421b872fb432b4",
    "fixtures/rig-skin-scoped.fixture.json": "b34419eee14889bb7b6450197f708f6830066102eb74f22598a138474e6dfef0",
    "fixtures/rig-split-tracks.fixture.json": "1ae5e1d525a3a25e9463ae979f75a53e880370433aeda1d98ee59b05855d0e47",
    "fixtures/rig-transform-constraint.fixture.json": "7ae92469295a32aa5bba1e6a1a6ff63abb99a259e87a048f0d9cbc1b41e38073",
    "fixtures/rig-transform-modes.fixture.json": "123d02e447cd0b79ea8a80805a7e2afd70288958213ea70c1ca3d982ff074dbe",
    "fixtures/rig-transform-variants.fixture.json": "082909b42b0227c2ce8d2c39aa60f720ffdb134adc667225a95adbcd667ea5df",
    "fixtures/rig-two-bone-ik.fixture.json": "a35b696db1b7bd0600d931e45e85c2386b51c64f0838418cfc1e748ecc282cfd",
    "fixtures/rig-weighted-mesh.fixture.json": "5a536fd81cb6fc1a47fbc7f3474ee0cd5cdf2a884b7fbb1db35c071345cb3057",
    "rigs/rig-2bone.bin": "fcf2c619eb2c5b2fb5b9b0273de478fa4d509c11c671dc311ff4538f021a02a7",
    "rigs/rig-2bone.json": "ee40b350076be982be0a5194365b8fa24ecefe749211bc6fd09f8f90ef3bedc8",
    "rigs/rig-blendmodes.bin": "ad19ebdfd5c059299ca0df07954bea19679dd6c9ece9aba5ee05bd1b82f9931c",
    "rigs/rig-blendmodes.json": "02837599bace2634994f555c6107f3517aff52cd0849ecc734194e0ba774e9b8",
    "rigs/rig-clipping.bin": "eb7bfb1f788761f735985f29c785f21811a8d92cb9ad63e125c86fc7d82d5f40",
    "rigs/rig-clipping.json": "9223158e9c7712fa70a776abea9f639e1e2e718de8491d40d7413083d5af90a4",
    "rigs/rig-constraint-order.bin": "6dc68b94fa9265a586a3940d0e2f19d7345e5309c41fc42bc7fea262917d9620",
    "rigs/rig-constraint-order.json": "0875d2460f8043bc3a78452382079207cf6e07e7f4a9cfac454912ab4a0691d8",
    "rigs/rig-deform.bin": "ce30c778f95c4d51f7bc600394d1ffa50594efc53ab4273ca7f9a7e52c8aa734",
    "rigs/rig-deform.json": "be1d56a03d49342612008aae8f645bb3b2bb876601f94b7698d72cf15684b310",
    "rigs/rig-events-draworder.bin": "07b1d7970ab6e95c3ef19583018c34f832d1b9cecc428ab7f201bf6435f0cfb8",
    "rigs/rig-events-draworder.json": "66c03236f4a79c2c14d04a01c1c0f327c7c26838430ac5652e1e7e1905b9c68b",
    "rigs/rig-events-loop.bin": "98632acb88bf1f793302e0904ecb21448f4c5f59324fc7031d390a27448723f1",
    "rigs/rig-events-loop.json": "3eaf9ef4ced3cf5061880e1ab3e0930a4db3d9260ddd4c2bab1a4f5aa1a08494",
    "rigs/rig-hit-point.bin": "126790fe7eae924d0e001911c8a18a1da34e761d5ec1b2220986d9e2054e6164",
    "rigs/rig-hit-point.json": "762f50f2c2d8d75f6de8511cde4188db78b27e145f7cf104a5cfd1051f075302",
    "rigs/rig-ik-depth.bin": "f487973de55d9fd06305bc28e9a3e84b57bbc4b37564471beaed877072650cba",
    "rigs/rig-ik-depth.json": "18416e0f02a57f4892af199f6c26c1d805788a24d6fb0535b311f0797da9ddf9",
    "rigs/rig-linked-mesh.bin": "a7543906efeed2f35152eb456b887d5b754c9be4cb1f7c21a7762d9c1a78ddfc",
    "rigs/rig-linked-mesh.json": "abc651a9be3cdb8317a6288067c951f8fdd8339046bdd08648c5b9e677e152d0",
    "rigs/rig-one-bone-ik.bin": "72f1731aa27653e9f8b35cb90479ebeec49d650c2c6c4c82185f0849670b47d2",
    "rigs/rig-one-bone-ik.json": "b2cb3224d9c7e89b1566bd7d66f762014d077f585195cf1a64a330c2b758eb29",
    "rigs/rig-path-follow.bin": "d2efb3b40aa69c6b8f85bf89f7a08dc538a438ecc2934ad673ab5942be256a3c",
    "rigs/rig-path-follow.json": "61ce881a65217a48986b848dba83fc69b53f4cb5786b5e6c78c6782f39be5f62",
    "rigs/rig-path-spacing.bin": "58bbbc403e1b612520d414783a466198d1faa98987449adc5ccc4fa64b15001a",
    "rigs/rig-path-spacing.json": "67cf40c45574bc2b85ea84742f8a34e7d7cb19994a0f3ee184928a78fbe9fb1d",
    "rigs/rig-physics-pendulum.bin": "18f7d9f73f5c981ddf7e214c800a1c2d0a7af8bfc830ebdb83dd381d07695dd8",
    "rigs/rig-physics-pendulum.json": "d666754a0b57c90d9842074f09d118fb676527ba077b38ed76819e5bb86a223e",
    "rigs/rig-physics-swing.bin": "227f9dfaf04719871210b68f2cc187e70828fdd330d98d7f8b3d19d61c0cb28e",
    "rigs/rig-physics-swing.json": "f1d8a41b724870776186ff32f0deb381bacb236c269d3d82590558493089e409",
    "rigs/rig-rigid-mesh.bin": "bf3f9a1a5197cb815456f4a8ee4d1e50006c6df78e12ec87beeeff2499181a25",
    "rigs/rig-rigid-mesh.json": "2747717dfcabbcbf93c089ad31978627fc3fc7a123646a5fc83614fb24477562",
    "rigs/rig-sequences.bin": "ee4bbcdaa19d989006bb37ad70bb2a90681a99c663de3c0a45015bf7c280ee88",
    "rigs/rig-sequences.json": "d0c44006f0ae5167d8ee62a5226e9b395ad78650534aba738c4af3947f373524",
    "rigs/rig-skin-scoped.bin": "456661bd42c8700657fa065d0fe2301dd078e405989fa8a827271b8389c870c0",
    "rigs/rig-skin-scoped.json": "c41168c8318f5b1f53a57a7e4049632f7777712aaf5dbe48fb9fa6cf22c95e57",
    "rigs/rig-split-tracks.bin": "95e734f297e0f20ad86c1834dc26fee0453cfa6b7bf6bdb44901fbc2d418ebe4",
    "rigs/rig-split-tracks.json": "7041dc1b663b8db02ecf6a8edb9ea7b966a6bf4a5e8b5f0178edd5f866906d53",
    "rigs/rig-transform-constraint.bin": "a3e4a26c706f19c063baae5322e56a2d7b0a63dbf68c3b96ecef2aadba268ff1",
    "rigs/rig-transform-constraint.json": "bc66c2cb4e2b9dffeaaedebe0332cf28da263817fdef7591f8e3395a7e2d2d6c",
    "rigs/rig-transform-modes.bin": "f715b0028b89284ecd99e6b0af02c89a2b98ce8cc28580cf57c95003063de8ca",
    "rigs/rig-transform-modes.json": "ac7cc152ca2ae6c3e8065c627d0794396601995030c4a4984a5039d960af34cc",
    "rigs/rig-transform-variants.bin": "fc828c362e853dd594d3cd260b82997c7f9bd77d6328422f83e3779c5c7ea54b",
    "rigs/rig-transform-variants.json": "93d83736e48d8b5aa443e2c30fb9e52cec7ba6b8c1a44e722ad7e53cbd070248",
    "rigs/rig-two-bone-ik.bin": "b798ab48578e077190e075caafbfbcf98915d606791c8ba258929a96d4c65744",
    "rigs/rig-two-bone-ik.json": "973e176c8d79335dcc52befeb33f0be4f60a841a8f22238c98b03a9e96c45d27",
    "rigs/rig-weighted-mesh.bin": "0b7315b9550907326727d112e99f7a41e97c491e72c6799251385f9b19b6c56d",
    "rigs/rig-weighted-mesh.json": "6fee3c984d603335cbb167cdf6a69daa7cf13f6965c04856247051436ba064c5",
    "sample-spec/rig-2bone.sample-spec.json": "b91325173dd5d3c3226ba78702ff623270477207c77d840b8974842f7e27d617",
    "sample-spec/rig-blendmodes.sample-spec.json": "952b80b9b34fee86996fe232441a362db27e98978fa72def69ab17c4ed2a8d8b",
    "sample-spec/rig-clipping.sample-spec.json": "e439ab19c8f938313ac6b7e5ea84df379945c4d89cc7e9c95c6829902288355a",
    "sample-spec/rig-constraint-order.sample-spec.json": "80fc42febb275c597423eb6e873a1b1e44ce4fc46f4abe41430a3665f3ddb75a",
    "sample-spec/rig-deform.sample-spec.json": "a63e902a964ae784f8a2dae3f4f5b99ebcbfdc89c1a2dbbfe2ede2e42c93fefc",
    "sample-spec/rig-events-draworder.sample-spec.json": "5dc064473988fa32c9327d133ab69ba4beef66c1cfc050ce9363839d06f76b4a",
    "sample-spec/rig-events-loop.sample-spec.json": "946d0084d7784cb6439645c1f3f1aa7acab77c6b4baa985a451e378556e22be5",
    "sample-spec/rig-hit-point.sample-spec.json": "d6a04d648edccc7ec9ec05e1a46356f519c7ddb66f411e045625317e2e596af4",
    "sample-spec/rig-ik-depth.sample-spec.json": "e4e2a788e1f3db5a8a157f24da077e9201c8ae801d29bedce224c8799fee77c3",
    "sample-spec/rig-linked-mesh.sample-spec.json": "325a4babab857e3f0f488497bf950cdcd26a11c509bf97a5da6d0c72057be807",
    "sample-spec/rig-one-bone-ik.sample-spec.json": "484f599b529f431ce8dbaba70787dead9a974a5b60c6df31d8ba752fc9c270f0",
    "sample-spec/rig-path-follow.sample-spec.json": "65bbc1b23eb6a8ec926e7477de5feb9568d44882ab3f7d12d50631468ba38fc3",
    "sample-spec/rig-path-spacing.sample-spec.json": "f81e983d0f857b6fea63fb8e0be15426f013ddf7f9afa966fd9ffd09d096d261",
    "sample-spec/rig-physics-pendulum.sample-spec.json": "05171efe408022eb63e0e0adc985d8c03aa15bed85317aa1cc9f72fb627d6f35",
    "sample-spec/rig-physics-swing.sample-spec.json": "b20af76865dbbbc7409e77d7d2cc1cb7cbe3370d941b6ac645608943ab0fe24f",
    "sample-spec/rig-rigid-mesh.sample-spec.json": "5cd1b2cbbe624a76eba901e6acf60d2a518ebf6837af902a0c84304a5e86fc29",
    "sample-spec/rig-sequences.sample-spec.json": "3544e47b0e12e95e23dc9156b4f299db4600ba82d2c8080d7b041f54e5d38aa8",
    "sample-spec/rig-skin-scoped.sample-spec.json": "9fca8b6fe5c37e793c3902e2126df1c82fd234a0867a633e450099f76a9b8677",
    "sample-spec/rig-split-tracks.sample-spec.json": "a98ed8779b3999608d0588e694e6e25d57ae8548fd56c8bdfc320d8d37473321",
    "sample-spec/rig-transform-constraint.sample-spec.json": "b542cd8bf177823d9eb0b97a069af289c3701a3d7e2f0c85df8c90d002cd6e73",
    "sample-spec/rig-transform-modes.sample-spec.json": "3f8ebfa6c1654fb4b14413d3a94301a1888e88b52523471a9a5c157ff8928ad8",
    "sample-spec/rig-transform-variants.sample-spec.json": "b3ebe72dda412a8c1fee6f86ab0d6839a7f538a475c6d8bc4f0cda1c112e0954",
    "sample-spec/rig-two-bone-ik.sample-spec.json": "327a349d60f2470461f02c9b8baa0be93ebb559ff2c138e1df27ec0af062c438",
    "sample-spec/rig-weighted-mesh.sample-spec.json": "bef66199094d35f869144e32f0bb3b51807ea99b47a9a543757d6455d4efcde8"
  }
}
